
Microsoft Visual Studio Solution File, Format Version 12.00
# Visual Studio 15
Project("{FAE04EC0-301F-11D3-BF4B-00C04F79EFBC}") = "UnityEngine.TestRunner", "UnityEngine.TestRunner.csproj", "{A022988F-DD55-9BFF-16AA-47C68F449299}"
EndProject
Project("{FAE04EC0-301F-11D3-BF4B-00C04F79EFBC}") = "Unity.Timeline", "Unity.Timeline.csproj", "{37A5239C-F76A-6558-39C5-400532C6FF9A}"
EndProject
Project("{FAE04EC0-301F-11D3-BF4B-00C04F79EFBC}") = "UnityEngine.UI", "UnityEngine.UI.csproj", "{2DD28CAD-D4BD-8AB9-A7CC-2D3DA40CAD41}"
EndProject
Project("{FAE04EC0-301F-11D3-BF4B-00C04F79EFBC}") = "Unity.TextMeshPro", "Unity.TextMeshPro.csproj", "{30E066B8-165D-4B3D-CB97-A99F3916013B}"
EndProject
Project("{FAE04EC0-301F-11D3-BF4B-00C04F79EFBC}") = "Assembly-CSharp", "Assembly-CSharp.csproj", "{336218C3-0A8D-A3FC-7940-0816B1FC5B2F}"
EndProject
Project("{FAE04EC0-301F-11D3-BF4B-00C04F79EFBC}") = "UnityEditor.TestRunner", "UnityEditor.TestRunner.csproj", "{6450CAE3-1ACD-A08B-A76E-E05A5B96E341}"
EndProject
Project("{FAE04EC0-301F-11D3-BF4B-00C04F79EFBC}") = "Unity.PlasticSCM.Editor", "Unity.PlasticSCM.Editor.csproj", "{9F4AE07C-D060-9784-A3D1-5E4246F7318D}"
EndProject
Project("{FAE04EC0-301F-11D3-BF4B-00C04F79EFBC}") = "UnityEditor.UI", "UnityEditor.UI.csproj", "{7D650471-98E5-89AF-5193-E290F204C060}"
EndProject
Project("{FAE04EC0-301F-11D3-BF4B-00C04F79EFBC}") = "Unity.Services.Core.Editor", "Unity.Services.Core.Editor.csproj", "{AE44B9DF-4D4F-CAFB-6844-FDE3CA35FA76}"
EndProject
Project("{FAE04EC0-301F-11D3-BF4B-00C04F79EFBC}") = "Unity.Timeline.Editor", "Unity.Timeline.Editor.csproj", "{24FFC8D2-FCB6-B77C-CD72-9774BD795FAC}"
EndProject
Project("{FAE04EC0-301F-11D3-BF4B-00C04F79EFBC}") = "Unity.VisualStudio.Editor", "Unity.VisualStudio.Editor.csproj", "{DEA21992-77A9-6829-C941-E6DF4E928159}"
EndProject
Project("{FAE04EC0-301F-11D3-BF4B-00C04F79EFBC}") = "Unity.TextMeshPro.Editor", "Unity.TextMeshPro.Editor.csproj", "{95541073-B18F-9CE0-2ABA-4950DE11ED9E}"
EndProject
Project("{FAE04EC0-301F-11D3-BF4B-00C04F79EFBC}") = "Unity.CollabProxy.Editor", "Unity.CollabProxy.Editor.csproj", "{3E13FF8B-B962-F25E-FFC2-493702719A4B}"
EndProject
Project("{FAE04EC0-301F-11D3-BF4B-00C04F79EFBC}") = "Unity.Rider.Editor", "Unity.Rider.Editor.csproj", "{6BB443F0-2EB0-5C91-E115-7225A434276F}"
EndProject
Project("{FAE04EC0-301F-11D3-BF4B-00C04F79EFBC}") = "Unity.VSCode.Editor", "Unity.VSCode.Editor.csproj", "{7461FD4C-97F8-7501-3FC2-2DACD67F838F}"
EndProject
Project("{FAE04EC0-301F-11D3-BF4B-00C04F79EFBC}") = "UnityEngine.TestRunner", "UnityEngine.TestRunner.Player.csproj", "{2E53FB3C-2FA9-29F0-3D5E-DB521175103B}"
EndProject
Project("{FAE04EC0-301F-11D3-BF4B-00C04F79EFBC}") = "Unity.Timeline", "Unity.Timeline.Player.csproj", "{5D2ACBA2-31F5-C1AB-8C8C-14B4151C8A4C}"
EndProject
Project("{FAE04EC0-301F-11D3-BF4B-00C04F79EFBC}") = "UnityEngine.UI", "UnityEngine.UI.Player.csproj", "{A0DC31F3-40C9-9567-7F60-D9AB941DD1BC}"
EndProject
Project("{FAE04EC0-301F-11D3-BF4B-00C04F79EFBC}") = "Unity.TextMeshPro", "Unity.TextMeshPro.Player.csproj", "{2477EA0B-72F4-C314-6957-585F256CAE4C}"
EndProject
Project("{FAE04EC0-301F-11D3-BF4B-00C04F79EFBC}") = "Assembly-CSharp", "Assembly-CSharp.Player.csproj", "{A9B26FD0-8936-1F4C-4CB4-07C7186ACA5C}"
EndProject
Global
	GlobalSection(SolutionConfigurationPlatforms) = preSolution
		Debug|Any CPU = Debug|Any CPU
		Release|Any CPU = Release|Any CPU
	EndGlobalSection
	GlobalSection(ProjectConfigurationPlatforms) = postSolution
		{A022988F-DD55-9BFF-16AA-47C68F449299}.Debug|Any CPU.ActiveCfg = Debug|Any CPU
		{A022988F-DD55-9BFF-16AA-47C68F449299}.Debug|Any CPU.Build.0 = Debug|Any CPU
		{A022988F-DD55-9BFF-16AA-47C68F449299}.Release|Any CPU.ActiveCfg = Release|Any CPU
		{A022988F-DD55-9BFF-16AA-47C68F449299}.Release|Any CPU.Build.0 = Release|Any CPU
		{37A5239C-F76A-6558-39C5-400532C6FF9A}.Debug|Any CPU.ActiveCfg = Debug|Any CPU
		{37A5239C-F76A-6558-39C5-400532C6FF9A}.Debug|Any CPU.Build.0 = Debug|Any CPU
		{37A5239C-F76A-6558-39C5-400532C6FF9A}.Release|Any CPU.ActiveCfg = Release|Any CPU
		{37A5239C-F76A-6558-39C5-400532C6FF9A}.Release|Any CPU.Build.0 = Release|Any CPU
		{2DD28CAD-D4BD-8AB9-A7CC-2D3DA40CAD41}.Debug|Any CPU.ActiveCfg = Debug|Any CPU
		{2DD28CAD-D4BD-8AB9-A7CC-2D3DA40CAD41}.Debug|Any CPU.Build.0 = Debug|Any CPU
		{2DD28CAD-D4BD-8AB9-A7CC-2D3DA40CAD41}.Release|Any CPU.ActiveCfg = Release|Any CPU
		{2DD28CAD-D4BD-8AB9-A7CC-2D3DA40CAD41}.Release|Any CPU.Build.0 = Release|Any CPU
		{30E066B8-165D-4B3D-CB97-A99F3916013B}.Debug|Any CPU.ActiveCfg = Debug|Any CPU
		{30E066B8-165D-4B3D-CB97-A99F3916013B}.Debug|Any CPU.Build.0 = Debug|Any CPU
		{30E066B8-165D-4B3D-CB97-A99F3916013B}.Release|Any CPU.ActiveCfg = Release|Any CPU
		{30E066B8-165D-4B3D-CB97-A99F3916013B}.Release|Any CPU.Build.0 = Release|Any CPU
		{336218C3-0A8D-A3FC-7940-0816B1FC5B2F}.Debug|Any CPU.ActiveCfg = Debug|Any CPU
		{336218C3-0A8D-A3FC-7940-0816B1FC5B2F}.Debug|Any CPU.Build.0 = Debug|Any CPU
		{336218C3-0A8D-A3FC-7940-0816B1FC5B2F}.Release|Any CPU.ActiveCfg = Release|Any CPU
		{336218C3-0A8D-A3FC-7940-0816B1FC5B2F}.Release|Any CPU.Build.0 = Release|Any CPU
		{6450CAE3-1ACD-A08B-A76E-E05A5B96E341}.Debug|Any CPU.ActiveCfg = Debug|Any CPU
		{6450CAE3-1ACD-A08B-A76E-E05A5B96E341}.Debug|Any CPU.Build.0 = Debug|Any CPU
		{6450CAE3-1ACD-A08B-A76E-E05A5B96E341}.Release|Any CPU.ActiveCfg = Release|Any CPU
		{6450CAE3-1ACD-A08B-A76E-E05A5B96E341}.Release|Any CPU.Build.0 = Release|Any CPU
		{9F4AE07C-D060-9784-A3D1-5E4246F7318D}.Debug|Any CPU.ActiveCfg = Debug|Any CPU
		{9F4AE07C-D060-9784-A3D1-5E4246F7318D}.Debug|Any CPU.Build.0 = Debug|Any CPU
		{9F4AE07C-D060-9784-A3D1-5E4246F7318D}.Release|Any CPU.ActiveCfg = Release|Any CPU
		{9F4AE07C-D060-9784-A3D1-5E4246F7318D}.Release|Any CPU.Build.0 = Release|Any CPU
		{7D650471-98E5-89AF-5193-E290F204C060}.Debug|Any CPU.ActiveCfg = Debug|Any CPU
		{7D650471-98E5-89AF-5193-E290F204C060}.Debug|Any CPU.Build.0 = Debug|Any CPU
		{7D650471-98E5-89AF-5193-E290F204C060}.Release|Any CPU.ActiveCfg = Release|Any CPU
		{7D650471-98E5-89AF-5193-E290F204C060}.Release|Any CPU.Build.0 = Release|Any CPU
		{AE44B9DF-4D4F-CAFB-6844-FDE3CA35FA76}.Debug|Any CPU.ActiveCfg = Debug|Any CPU
		{AE44B9DF-4D4F-CAFB-6844-FDE3CA35FA76}.Debug|Any CPU.Build.0 = Debug|Any CPU
		{AE44B9DF-4D4F-CAFB-6844-FDE3CA35FA76}.Release|Any CPU.ActiveCfg = Release|Any CPU
		{AE44B9DF-4D4F-CAFB-6844-FDE3CA35FA76}.Release|Any CPU.Build.0 = Release|Any CPU
		{24FFC8D2-FCB6-B77C-CD72-9774BD795FAC}.Debug|Any CPU.ActiveCfg = Debug|Any CPU
		{24FFC8D2-FCB6-B77C-CD72-9774BD795FAC}.Debug|Any CPU.Build.0 = Debug|Any CPU
		{24FFC8D2-FCB6-B77C-CD72-9774BD795FAC}.Release|Any CPU.ActiveCfg = Release|Any CPU
		{24FFC8D2-FCB6-B77C-CD72-9774BD795FAC}.Release|Any CPU.Build.0 = Release|Any CPU
		{DEA21992-77A9-6829-C941-E6DF4E928159}.Debug|Any CPU.ActiveCfg = Debug|Any CPU
		{DEA21992-77A9-6829-C941-E6DF4E928159}.Debug|Any CPU.Build.0 = Debug|Any CPU
		{DEA21992-77A9-6829-C941-E6DF4E928159}.Release|Any CPU.ActiveCfg = Release|Any CPU
		{DEA21992-77A9-6829-C941-E6DF4E928159}.Release|Any CPU.Build.0 = Release|Any CPU
		{95541073-B18F-9CE0-2ABA-4950DE11ED9E}.Debug|Any CPU.ActiveCfg = Debug|Any CPU
		{95541073-B18F-9CE0-2ABA-4950DE11ED9E}.Debug|Any CPU.Build.0 = Debug|Any CPU
		{95541073-B18F-9CE0-2ABA-4950DE11ED9E}.Release|Any CPU.ActiveCfg = Release|Any CPU
		{95541073-B18F-9CE0-2ABA-4950DE11ED9E}.Release|Any CPU.Build.0 = Release|Any CPU
		{3E13FF8B-B962-F25E-FFC2-493702719A4B}.Debug|Any CPU.ActiveCfg = Debug|Any CPU
		{3E13FF8B-B962-F25E-FFC2-493702719A4B}.Debug|Any CPU.Build.0 = Debug|Any CPU
		{3E13FF8B-B962-F25E-FFC2-493702719A4B}.Release|Any CPU.ActiveCfg = Release|Any CPU
		{3E13FF8B-B962-F25E-FFC2-493702719A4B}.Release|Any CPU.Build.0 = Release|Any CPU
		{6BB443F0-2EB0-5C91-E115-7225A434276F}.Debug|Any CPU.ActiveCfg = Debug|Any CPU
		{6BB443F0-2EB0-5C91-E115-7225A434276F}.Debug|Any CPU.Build.0 = Debug|Any CPU
		{6BB443F0-2EB0-5C91-E115-7225A434276F}.Release|Any CPU.ActiveCfg = Release|Any CPU
		{6BB443F0-2EB0-5C91-E115-7225A434276F}.Release|Any CPU.Build.0 = Release|Any CPU
		{7461FD4C-97F8-7501-3FC2-2DACD67F838F}.Debug|Any CPU.ActiveCfg = Debug|Any CPU
		{7461FD4C-97F8-7501-3FC2-2DACD67F838F}.Debug|Any CPU.Build.0 = Debug|Any CPU
		{7461FD4C-97F8-7501-3FC2-2DACD67F838F}.Release|Any CPU.ActiveCfg = Release|Any CPU
		{7461FD4C-97F8-7501-3FC2-2DACD67F838F}.Release|Any CPU.Build.0 = Release|Any CPU
		{2E53FB3C-2FA9-29F0-3D5E-DB521175103B}.Debug|Any CPU.ActiveCfg = Debug|Any CPU
		{2E53FB3C-2FA9-29F0-3D5E-DB521175103B}.Debug|Any CPU.Build.0 = Debug|Any CPU
		{2E53FB3C-2FA9-29F0-3D5E-DB521175103B}.Release|Any CPU.ActiveCfg = Release|Any CPU
		{2E53FB3C-2FA9-29F0-3D5E-DB521175103B}.Release|Any CPU.Build.0 = Release|Any CPU
		{5D2ACBA2-31F5-C1AB-8C8C-14B4151C8A4C}.Debug|Any CPU.ActiveCfg = Debug|Any CPU
		{5D2ACBA2-31F5-C1AB-8C8C-14B4151C8A4C}.Debug|Any CPU.Build.0 = Debug|Any CPU
		{5D2ACBA2-31F5-C1AB-8C8C-14B4151C8A4C}.Release|Any CPU.ActiveCfg = Release|Any CPU
		{5D2ACBA2-31F5-C1AB-8C8C-14B4151C8A4C}.Release|Any CPU.Build.0 = Release|Any CPU
		{A0DC31F3-40C9-9567-7F60-D9AB941DD1BC}.Debug|Any CPU.ActiveCfg = Debug|Any CPU
		{A0DC31F3-40C9-9567-7F60-D9AB941DD1BC}.Debug|Any CPU.Build.0 = Debug|Any CPU
		{A0DC31F3-40C9-9567-7F60-D9AB941DD1BC}.Release|Any CPU.ActiveCfg = Release|Any CPU
		{A0DC31F3-40C9-9567-7F60-D9AB941DD1BC}.Release|Any CPU.Build.0 = Release|Any CPU
		{2477EA0B-72F4-C314-6957-585F256CAE4C}.Debug|Any CPU.ActiveCfg = Debug|Any CPU
		{2477EA0B-72F4-C314-6957-585F256CAE4C}.Debug|Any CPU.Build.0 = Debug|Any CPU
		{2477EA0B-72F4-C314-6957-585F256CAE4C}.Release|Any CPU.ActiveCfg = Release|Any CPU
		{2477EA0B-72F4-C314-6957-585F256CAE4C}.Release|Any CPU.Build.0 = Release|Any CPU
		{A9B26FD0-8936-1F4C-4CB4-07C7186ACA5C}.Debug|Any CPU.ActiveCfg = Debug|Any CPU
		{A9B26FD0-8936-1F4C-4CB4-07C7186ACA5C}.Debug|Any CPU.Build.0 = Debug|Any CPU
		{A9B26FD0-8936-1F4C-4CB4-07C7186ACA5C}.Release|Any CPU.ActiveCfg = Release|Any CPU
		{A9B26FD0-8936-1F4C-4CB4-07C7186ACA5C}.Release|Any CPU.Build.0 = Release|Any CPU
	EndGlobalSection
	GlobalSection(SolutionProperties) = preSolution
		HideSolutionNode = FALSE
	EndGlobalSection
EndGlobal
